
Microsoft Visual Studio Solution File, Format Version 12.00
# Visual Studio Version 17
VisualStudioVersion = 17.10.35004.147
MinimumVisualStudioVersion = 10.0.40219.1
Project("{FAE04EC0-301F-11D3-BF4B-00C04F79EFBC}") = "Ramlethal Service 1.2", "Ramlethal Service 1.2\Ramlethal Service 1.2.csproj", "{23AA9D35-D287-45F5-89C5-EBCEF62B1EBA}"
EndProject
Global
	GlobalSection(SolutionConfigurationPlatforms) = preSolution
		Debug|Any CPU = Debug|Any CPU
		Release|Any CPU = Release|Any CPU
	EndGlobalSection
	GlobalSection(ProjectConfigurationPlatforms) = postSolution
		{23AA9D35-D287-45F5-89C5-EBCEF62B1EBA}.Debug|Any CPU.ActiveCfg = Debug|Any CPU
		{23AA9D35-D287-45F5-89C5-EBCEF62B1EBA}.Debug|Any CPU.Build.0 = Debug|Any CPU
		{23AA9D35-D287-45F5-89C5-EBCEF62B1EBA}.Release|Any CPU.ActiveCfg = Release|Any CPU
		{23AA9D35-D287-45F5-89C5-EBCEF62B1EBA}.Release|Any CPU.Build.0 = Release|Any CPU
	EndGlobalSection
	GlobalSection(SolutionProperties) = preSolution
		HideSolutionNode = FALSE
	EndGlobalSection
	GlobalSection(ExtensibilityGlobals) = postSolution
		SolutionGuid = {E87B7B88-A20A-4FBA-A045-E2F7D371050A}
	EndGlobalSection
EndGlobal
